
Microsoft Visual Studio Solution File, Format Version 12.00
Project("{FAE04EC0-301F-11D3-BF4B-00C04F79EFBC}") = "DessignPattern.Builder", "DessignPattern.Builder\DessignPattern.Builder.csproj", "{264BF37B-D2D3-4A7F-ADF0-928FD54B3D67}"
EndProject
Project("{FAE04EC0-301F-11D3-BF4B-00C04F79EFBC}") = "FluentBuilder", "FluentBuilder\FluentBuilder.csproj", "{958C8C4D-4AE8-408C-8611-44F28C90356F}"
EndProject
Project("{FAE04EC0-301F-11D3-BF4B-00C04F79EFBC}") = "StepwiseBuilder", "StepwiseBuilder\StepwiseBuilder.csproj", "{1B928137-6000-4BA5-A655-4063D27E355A}"
EndProject
Global
	GlobalSection(SolutionConfigurationPlatforms) = preSolution
		Debug|Any CPU = Debug|Any CPU
		Release|Any CPU = Release|Any CPU
	EndGlobalSection
	GlobalSection(ProjectConfigurationPlatforms) = postSolution
		{264BF37B-D2D3-4A7F-ADF0-928FD54B3D67}.Debug|Any CPU.ActiveCfg = Debug|Any CPU
		{264BF37B-D2D3-4A7F-ADF0-928FD54B3D67}.Debug|Any CPU.Build.0 = Debug|Any CPU
		{264BF37B-D2D3-4A7F-ADF0-928FD54B3D67}.Release|Any CPU.ActiveCfg = Release|Any CPU
		{264BF37B-D2D3-4A7F-ADF0-928FD54B3D67}.Release|Any CPU.Build.0 = Release|Any CPU
		{958C8C4D-4AE8-408C-8611-44F28C90356F}.Debug|Any CPU.ActiveCfg = Debug|Any CPU
		{958C8C4D-4AE8-408C-8611-44F28C90356F}.Debug|Any CPU.Build.0 = Debug|Any CPU
		{958C8C4D-4AE8-408C-8611-44F28C90356F}.Release|Any CPU.ActiveCfg = Release|Any CPU
		{958C8C4D-4AE8-408C-8611-44F28C90356F}.Release|Any CPU.Build.0 = Release|Any CPU
		{1B928137-6000-4BA5-A655-4063D27E355A}.Debug|Any CPU.ActiveCfg = Debug|Any CPU
		{1B928137-6000-4BA5-A655-4063D27E355A}.Debug|Any CPU.Build.0 = Debug|Any CPU
		{1B928137-6000-4BA5-A655-4063D27E355A}.Release|Any CPU.ActiveCfg = Release|Any CPU
		{1B928137-6000-4BA5-A655-4063D27E355A}.Release|Any CPU.Build.0 = Release|Any CPU
	EndGlobalSection
EndGlobal
